
Microsoft Visual Studio Solution File, Format Version 12.00
# Visual Studio Version 16
VisualStudioVersion = 16.0.31729.503
MinimumVisualStudioVersion = 10.0.40219.1
Project("{FAE04EC0-301F-11D3-BF4B-00C04F79EFBC}") = "PersonalBlog", "PersonalBlog\PersonalBlog.csproj", "{09D3E966-F4EF-4428-A388-DA8CA2C5861F}"
EndProject
Global
	GlobalSection(SolutionConfigurationPlatforms) = preSolution
		Debug|Any CPU = Debug|Any CPU
		Release|Any CPU = Release|Any CPU
	EndGlobalSection
	GlobalSection(ProjectConfigurationPlatforms) = postSolution
		{09D3E966-F4EF-4428-A388-DA8CA2C5861F}.Debug|Any CPU.ActiveCfg = Debug|Any CPU
		{09D3E966-F4EF-4428-A388-DA8CA2C5861F}.Debug|Any CPU.Build.0 = Debug|Any CPU
		{09D3E966-F4EF-4428-A388-DA8CA2C5861F}.Release|Any CPU.ActiveCfg = Release|Any CPU
		{09D3E966-F4EF-4428-A388-DA8CA2C5861F}.Release|Any CPU.Build.0 = Release|Any CPU
	EndGlobalSection
	GlobalSection(SolutionProperties) = preSolution
		HideSolutionNode = FALSE
	EndGlobalSection
	GlobalSection(ExtensibilityGlobals) = postSolution
		SolutionGuid = {3ED224FA-86B6-4A39-91C1-C1BF85CC3DBA}
	EndGlobalSection
EndGlobal
